
Microsoft Visual Studio Solution File, Format Version 12.00
# Visual Studio Version 16
VisualStudioVersion = 25.0.1706.4
MinimumVisualStudioVersion = 10.0.40219.1
Project("{FAE04EC0-301F-11D3-BF4B-00C04F79EFBC}") = "DetectApp", "DetectApp\DetectApp.csproj", "{F2483234-E215-4E28-BA40-01C43964CDBE}"
EndProject
Global
	GlobalSection(SolutionConfigurationPlatforms) = preSolution
		Debug|Any CPU = Debug|Any CPU
		Release|Any CPU = Release|Any CPU
	EndGlobalSection
	GlobalSection(ProjectConfigurationPlatforms) = postSolution
		{F2483234-E215-4E28-BA40-01C43964CDBE}.Debug|Any CPU.ActiveCfg = Debug|Any CPU
		{F2483234-E215-4E28-BA40-01C43964CDBE}.Debug|Any CPU.Build.0 = Debug|Any CPU
		{F2483234-E215-4E28-BA40-01C43964CDBE}.Release|Any CPU.ActiveCfg = Release|Any CPU
		{F2483234-E215-4E28-BA40-01C43964CDBE}.Release|Any CPU.Build.0 = Release|Any CPU
	EndGlobalSection
	GlobalSection(SolutionProperties) = preSolution
		HideSolutionNode = FALSE
	EndGlobalSection
	GlobalSection(ExtensibilityGlobals) = postSolution
		SolutionGuid = {AC573F03-40AA-4C86-8EDA-E64BD03F55E7}
	EndGlobalSection
EndGlobal
